
Microsoft Visual Studio Solution File, Format Version 12.00
# Visual Studio 14
VisualStudioVersion = 14.0.24627.0
MinimumVisualStudioVersion = 10.0.40219.1
Project("{FAE04EC0-301F-11D3-BF4B-00C04F79EFBC}") = "Sitecore.DependencyInjection.Autofac.Website", "src\Sitecore.DependencyInjection.Autofac.Website\Sitecore.DependencyInjection.Autofac.Website.csproj", "{8DD68A35-84B5-44B6-89BF-6B1D0C2DA7A5}"
EndProject
Project("{2150E333-8FDC-42A3-9474-1A3956D46DE8}") = "Example", "Example", "{2EE4AF9E-BA78-4CCF-8941-F778309236D6}"
EndProject
Project("{FAE04EC0-301F-11D3-BF4B-00C04F79EFBC}") = "Example.Autofac.Website", "src\Example.Autofac\Example.Website\Example.Autofac.Website.csproj", "{13A4F79C-CC2E-416D-8D0B-DD95F7BF0696}"
EndProject
Project("{FAE04EC0-301F-11D3-BF4B-00C04F79EFBC}") = "Example.Autofac.Library", "src\Example.Autofac\Example.Library\Example.Autofac.Library.csproj", "{69D2389E-D43F-413B-80F6-C047BD780547}"
EndProject
Project("{CAA73BB0-EF22-4D79-A57E-DF67B3BA9C80}") = "Example.Autofac.Tds", "src\Example.Autofac\Example.Tds\Example.Autofac.Tds.scproj", "{4416DE2B-0633-4198-BD3B-8CA36A66A4C6}"
EndProject
Global
	GlobalSection(SolutionConfigurationPlatforms) = preSolution
		Debug|Any CPU = Debug|Any CPU
		Release|Any CPU = Release|Any CPU
	EndGlobalSection
	GlobalSection(ProjectConfigurationPlatforms) = postSolution
		{8DD68A35-84B5-44B6-89BF-6B1D0C2DA7A5}.Debug|Any CPU.ActiveCfg = Debug|Any CPU
		{8DD68A35-84B5-44B6-89BF-6B1D0C2DA7A5}.Debug|Any CPU.Build.0 = Debug|Any CPU
		{8DD68A35-84B5-44B6-89BF-6B1D0C2DA7A5}.Release|Any CPU.ActiveCfg = Release|Any CPU
		{8DD68A35-84B5-44B6-89BF-6B1D0C2DA7A5}.Release|Any CPU.Build.0 = Release|Any CPU
		{13A4F79C-CC2E-416D-8D0B-DD95F7BF0696}.Debug|Any CPU.ActiveCfg = Debug|Any CPU
		{13A4F79C-CC2E-416D-8D0B-DD95F7BF0696}.Debug|Any CPU.Build.0 = Debug|Any CPU
		{13A4F79C-CC2E-416D-8D0B-DD95F7BF0696}.Release|Any CPU.ActiveCfg = Release|Any CPU
		{13A4F79C-CC2E-416D-8D0B-DD95F7BF0696}.Release|Any CPU.Build.0 = Release|Any CPU
		{69D2389E-D43F-413B-80F6-C047BD780547}.Debug|Any CPU.ActiveCfg = Debug|Any CPU
		{69D2389E-D43F-413B-80F6-C047BD780547}.Debug|Any CPU.Build.0 = Debug|Any CPU
		{69D2389E-D43F-413B-80F6-C047BD780547}.Release|Any CPU.ActiveCfg = Release|Any CPU
		{69D2389E-D43F-413B-80F6-C047BD780547}.Release|Any CPU.Build.0 = Release|Any CPU
		{4416DE2B-0633-4198-BD3B-8CA36A66A4C6}.Debug|Any CPU.ActiveCfg = Debug|Any CPU
		{4416DE2B-0633-4198-BD3B-8CA36A66A4C6}.Debug|Any CPU.Build.0 = Debug|Any CPU
		{4416DE2B-0633-4198-BD3B-8CA36A66A4C6}.Debug|Any CPU.Deploy.0 = Debug|Any CPU
		{4416DE2B-0633-4198-BD3B-8CA36A66A4C6}.Release|Any CPU.ActiveCfg = Release|Any CPU
		{4416DE2B-0633-4198-BD3B-8CA36A66A4C6}.Release|Any CPU.Build.0 = Release|Any CPU
		{4416DE2B-0633-4198-BD3B-8CA36A66A4C6}.Release|Any CPU.Deploy.0 = Release|Any CPU
	EndGlobalSection
	GlobalSection(SolutionProperties) = preSolution
		HideSolutionNode = FALSE
	EndGlobalSection
	GlobalSection(NestedProjects) = preSolution
		{13A4F79C-CC2E-416D-8D0B-DD95F7BF0696} = {2EE4AF9E-BA78-4CCF-8941-F778309236D6}
		{69D2389E-D43F-413B-80F6-C047BD780547} = {2EE4AF9E-BA78-4CCF-8941-F778309236D6}
		{4416DE2B-0633-4198-BD3B-8CA36A66A4C6} = {2EE4AF9E-BA78-4CCF-8941-F778309236D6}
	EndGlobalSection
EndGlobal
